// !$*UTF8*$!
{
	archiveVersion = 1;
	classes = {
	};
	objectVersion = 56;
	objects = {

/* Begin PBXBuildFile section */
		E302D41E2B72D8AF0097B536 /* AppDelegate.swift in Sources */ = {isa = PBXBuildFile; fileRef = E302D41D2B72D8AF0097B536 /* AppDelegate.swift */; };
		E302D4202B72D8AF0097B536 /* SceneDelegate.swift in Sources */ = {isa = PBXBuildFile; fileRef = E302D41F2B72D8AF0097B536 /* SceneDelegate.swift */; };
		E302D4222B72D8AF0097B536 /* ViewController.swift in Sources */ = {isa = PBXBuildFile; fileRef = E302D4212B72D8AF0097B536 /* ViewController.swift */; };
		E302D4252B72D8AF0097B536 /* Main.storyboard in Resources */ = {isa = PBXBuildFile; fileRef = E302D4232B72D8AF0097B536 /* Main.storyboard */; };
		E302D4272B72D8B30097B536 /* Assets.xcassets in Resources */ = {isa = PBXBuildFile; fileRef = E302D4262B72D8B30097B536 /* Assets.xcassets */; };
		E302D42A2B72D8B30097B536 /* LaunchScreen.storyboard in Resources */ = {isa = PBXBuildFile; fileRef = E302D4282B72D8B30097B536 /* LaunchScreen.storyboard */; };
		E302D4352B72D8B30097B536 /* KisilerMVVMTests.swift in Sources */ = {isa = PBXBuildFile; fileRef = E302D4342B72D8B30097B536 /* KisilerMVVMTests.swift */; };
		E302D43F2B72D8B30097B536 /* KisilerMVVMUITests.swift in Sources */ = {isa = PBXBuildFile; fileRef = E302D43E2B72D8B30097B536 /* KisilerMVVMUITests.swift */; };
		E302D4412B72D8B30097B536 /* KisilerMVVMUITestsLaunchTests.swift in Sources */ = {isa = PBXBuildFile; fileRef = E302D4402B72D8B30097B536 /* KisilerMVVMUITestsLaunchTests.swift */; };
		E302D4532B72DA990097B536 /* Kisiler.swift in Sources */ = {isa = PBXBuildFile; fileRef = E302D4522B72DA990097B536 /* Kisiler.swift */; };
		E302D4552B72DAF40097B536 /* KisilerModelView.swift in Sources */ = {isa = PBXBuildFile; fileRef = E302D4542B72DAF40097B536 /* KisilerModelView.swift */; };
		E302D4572B72DB120097B536 /* KisilerModelViewProtocol.swift in Sources */ = {isa = PBXBuildFile; fileRef = E302D4562B72DB120097B536 /* KisilerModelViewProtocol.swift */; };
		E302D4592B72DB920097B536 /* KisilerServiceProtocol.swift in Sources */ = {isa = PBXBuildFile; fileRef = E302D4582B72DB920097B536 /* KisilerServiceProtocol.swift */; };
		E302D45B2B72DBD30097B536 /* KisilerService.swift in Sources */ = {isa = PBXBuildFile; fileRef = E302D45A2B72DBD30097B536 /* KisilerService.swift */; };
		E302D45E2B72DD320097B536 /* Alamofire in Frameworks */ = {isa = PBXBuildFile; productRef = E302D45D2B72DD320097B536 /* Alamofire */; };
		E302D4602B72EA790097B536 /* KisiCevap.swift in Sources */ = {isa = PBXBuildFile; fileRef = E302D45F2B72EA790097B536 /* KisiCevap.swift */; };
		E302D4642B73F0DE0097B536 /* DetailViewController.swift in Sources */ = {isa = PBXBuildFile; fileRef = E302D4632B73F0DE0097B536 /* DetailViewController.swift */; };
		E302D46A2B73F15B0097B536 /* KisilerDetailModelView.swift in Sources */ = {isa = PBXBuildFile; fileRef = E302D4692B73F15B0097B536 /* KisilerDetailModelView.swift */; };
		E302D46C2B73F1770097B536 /* KisilerDetailModelViewProtocol.swift in Sources */ = {isa = PBXBuildFile; fileRef = E302D46B2B73F1770097B536 /* KisilerDetailModelViewProtocol.swift */; };
		E302D46E2B73F1A70097B536 /* KisilerDetail.swift in Sources */ = {isa = PBXBuildFile; fileRef = E302D46D2B73F1A70097B536 /* KisilerDetail.swift */; };
		E302D4702B73F4DA0097B536 /* KisilerDetailStoryBoard.storyboard in Resources */ = {isa = PBXBuildFile; fileRef = E302D46F2B73F4DA0097B536 /* KisilerDetailStoryBoard.storyboard */; };
		E302D4722B74073F0097B536 /* KisilerDetailBuilder.swift in Sources */ = {isa = PBXBuildFile; fileRef = E302D4712B74073F0097B536 /* KisilerDetailBuilder.swift */; };
/* End PBXBuildFile section */

/* Begin PBXContainerItemProxy section */
		E302D4312B72D8B30097B536 /* PBXContainerItemProxy */ = {
			isa = PBXContainerItemProxy;
			containerPortal = E302D4122B72D8AF0097B536 /* Project object */;
			proxyType = 1;
			remoteGlobalIDString = E302D4192B72D8AF0097B536;
			remoteInfo = KisilerMVVM;
		};
		E302D43B2B72D8B30097B536 /* PBXContainerItemProxy */ = {
			isa = PBXContainerItemProxy;
			containerPortal = E302D4122B72D8AF0097B536 /* Project object */;
			proxyType = 1;
			remoteGlobalIDString = E302D4192B72D8AF0097B536;
			remoteInfo = KisilerMVVM;
		};
/* End PBXContainerItemProxy section */

/* Begin PBXFileReference section */
		E302D41A2B72D8AF0097B536 /* KisilerMVVM.app */ = {isa = PBXFileReference; explicitFileType = wrapper.application; includeInIndex = 0; path = KisilerMVVM.app; sourceTree = BUILT_PRODUCTS_DIR; };
		E302D41D2B72D8AF0097B536 /* AppDelegate.swift */ = {isa = PBXFileReference; lastKnownFileType = sourcecode.swift; path = AppDelegate.swift; sourceTree = "<group>"; };
		E302D41F2B72D8AF0097B536 /* SceneDelegate.swift */ = {isa = PBXFileReference; lastKnownFileType = sourcecode.swift; path = SceneDelegate.swift; sourceTree = "<group>"; };
		E302D4212B72D8AF0097B536 /* ViewController.swift */ = {isa = PBXFileReference; lastKnownFileType = sourcecode.swift; path = ViewController.swift; sourceTree = "<group>"; };
		E302D4242B72D8AF0097B536 /* Base */ = {isa = PBXFileReference; lastKnownFileType = file.storyboard; name = Base; path = Base.lproj/Main.storyboard; sourceTree = "<group>"; };
		E302D4262B72D8B30097B536 /* Assets.xcassets */ = {isa = PBXFileReference; lastKnownFileType = folder.assetcatalog; path = Assets.xcassets; sourceTree = "<group>"; };
		E302D4292B72D8B30097B536 /* Base */ = {isa = PBXFileReference; lastKnownFileType = file.storyboard; name = Base; path = Base.lproj/LaunchScreen.storyboard; sourceTree = "<group>"; };
		E302D42B2B72D8B30097B536 /* Info.plist */ = {isa = PBXFileReference; lastKnownFileType = text.plist.xml; path = Info.plist; sourceTree = "<group>"; };
		E302D4302B72D8B30097B536 /* KisilerMVVMTests.xctest */ = {isa = PBXFileReference; explicitFileType = wrapper.cfbundle; includeInIndex = 0; path = KisilerMVVMTests.xctest; sourceTree = BUILT_PRODUCTS_DIR; };
		E302D4342B72D8B30097B536 /* KisilerMVVMTests.swift */ = {isa = PBXFileReference; lastKnownFileType = sourcecode.swift; path = KisilerMVVMTests.swift; sourceTree = "<group>"; };
		E302D43A2B72D8B30097B536 /* KisilerMVVMUITests.xctest */ = {isa = PBXFileReference; explicitFileType = wrapper.cfbundle; includeInIndex = 0; path = KisilerMVVMUITests.xctest; sourceTree = BUILT_PRODUCTS_DIR; };
		E302D43E2B72D8B30097B536 /* KisilerMVVMUITests.swift */ = {isa = PBXFileReference; lastKnownFileType = sourcecode.swift; path = KisilerMVVMUITests.swift; sourceTree = "<group>"; };
		E302D4402B72D8B30097B536 /* KisilerMVVMUITestsLaunchTests.swift */ = {isa = PBXFileReference; lastKnownFileType = sourcecode.swift; path = KisilerMVVMUITestsLaunchTests.swift; sourceTree = "<group>"; };
		E302D4522B72DA990097B536 /* Kisiler.swift */ = {isa = PBXFileReference; lastKnownFileType = sourcecode.swift; path = Kisiler.swift; sourceTree = "<group>"; };
		E302D4542B72DAF40097B536 /* KisilerModelView.swift */ = {isa = PBXFileReference; lastKnownFileType = sourcecode.swift; path = KisilerModelView.swift; sourceTree = "<group>"; };
		E302D4562B72DB120097B536 /* KisilerModelViewProtocol.swift */ = {isa = PBXFileReference; lastKnownFileType = sourcecode.swift; path = KisilerModelViewProtocol.swift; sourceTree = "<group>"; };
		E302D4582B72DB920097B536 /* KisilerServiceProtocol.swift */ = {isa = PBXFileReference; lastKnownFileType = sourcecode.swift; path = KisilerServiceProtocol.swift; sourceTree = "<group>"; };
		E302D45A2B72DBD30097B536 /* KisilerService.swift */ = {isa = PBXFileReference; lastKnownFileType = sourcecode.swift; path = KisilerService.swift; sourceTree = "<group>"; };
		E302D45F2B72EA790097B536 /* KisiCevap.swift */ = {isa = PBXFileReference; lastKnownFileType = sourcecode.swift; path = KisiCevap.swift; sourceTree = "<group>"; };
		E302D4632B73F0DE0097B536 /* DetailViewController.swift */ = {isa = PBXFileReference; lastKnownFileType = sourcecode.swift; path = DetailViewController.swift; sourceTree = "<group>"; };
		E302D4692B73F15B0097B536 /* KisilerDetailModelView.swift */ = {isa = PBXFileReference; lastKnownFileType = sourcecode.swift; path = KisilerDetailModelView.swift; sourceTree = "<group>"; };
		E302D46B2B73F1770097B536 /* KisilerDetailModelViewProtocol.swift */ = {isa = PBXFileReference; lastKnownFileType = sourcecode.swift; path = KisilerDetailModelViewProtocol.swift; sourceTree = "<group>"; };
		E302D46D2B73F1A70097B536 /* KisilerDetail.swift */ = {isa = PBXFileReference; lastKnownFileType = sourcecode.swift; path = KisilerDetail.swift; sourceTree = "<group>"; };
		E302D46F2B73F4DA0097B536 /* KisilerDetailStoryBoard.storyboard */ = {isa = PBXFileReference; lastKnownFileType = file.storyboard; path = KisilerDetailStoryBoard.storyboard; sourceTree = "<group>"; };
		E302D4712B74073F0097B536 /* KisilerDetailBuilder.swift */ = {isa = PBXFileReference; lastKnownFileType = sourcecode.swift; path = KisilerDetailBuilder.swift; sourceTree = "<group>"; };
/* End PBXFileReference section */

/* Begin PBXFrameworksBuildPhase section */
		E302D4172B72D8AF0097B536 /* Frameworks */ = {
			isa = PBXFrameworksBuildPhase;
			buildActionMask = 2147483647;
			files = (
				E302D45E2B72DD320097B536 /* Alamofire in Frameworks */,
			);
			runOnlyForDeploymentPostprocessing = 0;
		};
		E302D42D2B72D8B30097B536 /* Frameworks */ = {
			isa = PBXFrameworksBuildPhase;
			buildActionMask = 2147483647;
			files = (
			);
			runOnlyForDeploymentPostprocessing = 0;
		};
		E302D4372B72D8B30097B536 /* Frameworks */ = {
			isa = PBXFrameworksBuildPhase;
			buildActionMask = 2147483647;
			files = (
			);
			runOnlyForDeploymentPostprocessing = 0;
		};
/* End PBXFrameworksBuildPhase section */

/* Begin PBXGroup section */
		E302D4112B72D8AF0097B536 = {
			isa = PBXGroup;
			children = (
				E302D41C2B72D8AF0097B536 /* KisilerMVVM */,
				E302D4332B72D8B30097B536 /* KisilerMVVMTests */,
				E302D43D2B72D8B30097B536 /* KisilerMVVMUITests */,
				E302D41B2B72D8AF0097B536 /* Products */,
			);
			sourceTree = "<group>";
		};
		E302D41B2B72D8AF0097B536 /* Products */ = {
			isa = PBXGroup;
			children = (
				E302D41A2B72D8AF0097B536 /* KisilerMVVM.app */,
				E302D4302B72D8B30097B536 /* KisilerMVVMTests.xctest */,
				E302D43A2B72D8B30097B536 /* KisilerMVVMUITests.xctest */,
			);
			name = Products;
			sourceTree = "<group>";
		};
		E302D41C2B72D8AF0097B536 /* KisilerMVVM */ = {
			isa = PBXGroup;
			children = (
				E302D4502B72D8DD0097B536 /* Service */,
				E302D44F2B72D8D10097B536 /* View */,
				E302D44E2B72D8C70097B536 /* ModelView */,
				E302D44D2B72D8BA0097B536 /* Model */,
				E302D4512B72D8E90097B536 /* Core */,
				E302D4262B72D8B30097B536 /* Assets.xcassets */,
				E302D4282B72D8B30097B536 /* LaunchScreen.storyboard */,
				E302D42B2B72D8B30097B536 /* Info.plist */,
			);
			path = KisilerMVVM;
			sourceTree = "<group>";
		};
		E302D4332B72D8B30097B536 /* KisilerMVVMTests */ = {
			isa = PBXGroup;
			children = (
				E302D4342B72D8B30097B536 /* KisilerMVVMTests.swift */,
			);
			path = KisilerMVVMTests;
			sourceTree = "<group>";
		};
		E302D43D2B72D8B30097B536 /* KisilerMVVMUITests */ = {
			isa = PBXGroup;
			children = (
				E302D43E2B72D8B30097B536 /* KisilerMVVMUITests.swift */,
				E302D4402B72D8B30097B536 /* KisilerMVVMUITestsLaunchTests.swift */,
			);
			path = KisilerMVVMUITests;
			sourceTree = "<group>";
		};
		E302D44D2B72D8BA0097B536 /* Model */ = {
			isa = PBXGroup;
			children = (
				E302D4682B73F1390097B536 /* KisilerDetail */,
				E302D4672B73F11F0097B536 /* Kisiler */,
			);
			path = Model;
			sourceTree = "<group>";
		};
		E302D44E2B72D8C70097B536 /* ModelView */ = {
			isa = PBXGroup;
			children = (
				E302D4662B73F10A0097B536 /* KisilerDetail */,
				E302D4652B73F0FB0097B536 /* Kisiler */,
			);
			path = ModelView;
			sourceTree = "<group>";
		};
		E302D44F2B72D8D10097B536 /* View */ = {
			isa = PBXGroup;
			children = (
				E302D4742B740CF00097B536 /* KisilerDetail */,
				E302D4732B740CE50097B536 /* Kisiler */,
			);
			path = View;
			sourceTree = "<group>";
		};
		E302D4502B72D8DD0097B536 /* Service */ = {
			isa = PBXGroup;
			children = (
				E302D4582B72DB920097B536 /* KisilerServiceProtocol.swift */,
				E302D45A2B72DBD30097B536 /* KisilerService.swift */,
			);
			path = Service;
			sourceTree = "<group>";
		};
		E302D4512B72D8E90097B536 /* Core */ = {
			isa = PBXGroup;
			children = (
				E302D41D2B72D8AF0097B536 /* AppDelegate.swift */,
				E302D41F2B72D8AF0097B536 /* SceneDelegate.swift */,
			);
			path = Core;
			sourceTree = "<group>";
		};
		E302D4652B73F0FB0097B536 /* Kisiler */ = {
			isa = PBXGroup;
			children = (
				E302D4542B72DAF40097B536 /* KisilerModelView.swift */,
				E302D4562B72DB120097B536 /* KisilerModelViewProtocol.swift */,
			);
			path = Kisiler;
			sourceTree = "<group>";
		};
		E302D4662B73F10A0097B536 /* KisilerDetail */ = {
			isa = PBXGroup;
			children = (
				E302D4692B73F15B0097B536 /* KisilerDetailModelView.swift */,
				E302D46B2B73F1770097B536 /* KisilerDetailModelViewProtocol.swift */,
				E302D4712B74073F0097B536 /* KisilerDetailBuilder.swift */,
			);
			path = KisilerDetail;
			sourceTree = "<group>";
		};
		E302D4672B73F11F0097B536 /* Kisiler */ = {
			isa = PBXGroup;
			children = (
				E302D4522B72DA990097B536 /* Kisiler.swift */,
				E302D45F2B72EA790097B536 /* KisiCevap.swift */,
			);
			path = Kisiler;
			sourceTree = "<group>";
		};
		E302D4682B73F1390097B536 /* KisilerDetail */ = {
			isa = PBXGroup;
			children = (
				E302D46D2B73F1A70097B536 /* KisilerDetail.swift */,
			);
			path = KisilerDetail;
			sourceTree = "<group>";
		};
		E302D4732B740CE50097B536 /* Kisiler */ = {
			isa = PBXGroup;
			children = (
				E302D4212B72D8AF0097B536 /* ViewController.swift */,
				E302D4232B72D8AF0097B536 /* Main.storyboard */,
			);
			path = Kisiler;
			sourceTree = "<group>";
		};
		E302D4742B740CF00097B536 /* KisilerDetail */ = {
			isa = PBXGroup;
			children = (
				E302D4632B73F0DE0097B536 /* DetailViewController.swift */,
				E302D46F2B73F4DA0097B536 /* KisilerDetailStoryBoard.storyboard */,
			);
			path = KisilerDetail;
			sourceTree = "<group>";
		};
/* End PBXGroup section */

/* Begin PBXNativeTarget section */
		E302D4192B72D8AF0097B536 /* KisilerMVVM */ = {
			isa = PBXNativeTarget;
			buildConfigurationList = E302D4442B72D8B30097B536 /* Build configuration list for PBXNativeTarget "KisilerMVVM" */;
			buildPhases = (
				E302D4162B72D8AF0097B536 /* Sources */,
				E302D4172B72D8AF0097B536 /* Frameworks */,
				E302D4182B72D8AF0097B536 /* Resources */,
			);
			buildRules = (
			);
			dependencies = (
			);
			name = KisilerMVVM;
			packageProductDependencies = (
				E302D45D2B72DD320097B536 /* Alamofire */,
			);
			productName = KisilerMVVM;
			productReference = E302D41A2B72D8AF0097B536 /* KisilerMVVM.app */;
			productType = "com.apple.product-type.application";
		};
		E302D42F2B72D8B30097B536 /* KisilerMVVMTests */ = {
			isa = PBXNativeTarget;
			buildConfigurationList = E302D4472B72D8B30097B536 /* Build configuration list for PBXNativeTarget "KisilerMVVMTests" */;
			buildPhases = (
				E302D42C2B72D8B30097B536 /* Sources */,
				E302D42D2B72D8B30097B536 /* Frameworks */,
				E302D42E2B72D8B30097B536 /* Resources */,
			);
			buildRules = (
			);
			dependencies = (
				E302D4322B72D8B30097B536 /* PBXTargetDependency */,
			);
			name = KisilerMVVMTests;
			productName = KisilerMVVMTests;
			productReference = E302D4302B72D8B30097B536 /* KisilerMVVMTests.xctest */;
			productType = "com.apple.product-type.bundle.unit-test";
		};
		E302D4392B72D8B30097B536 /* KisilerMVVMUITests */ = {
			isa = PBXNativeTarget;
			buildConfigurationList = E302D44A2B72D8B30097B536 /* Build configuration list for PBXNativeTarget "KisilerMVVMUITests" */;
			buildPhases = (
				E302D4362B72D8B30097B536 /* Sources */,
				E302D4372B72D8B30097B536 /* Frameworks */,
				E302D4382B72D8B30097B536 /* Resources */,
			);
			buildRules = (
			);
			dependencies = (
				E302D43C2B72D8B30097B536 /* PBXTargetDependency */,
			);
			name = KisilerMVVMUITests;
			productName = KisilerMVVMUITests;
			productReference = E302D43A2B72D8B30097B536 /* KisilerMVVMUITests.xctest */;
			productType = "com.apple.product-type.bundle.ui-testing";
		};
/* End PBXNativeTarget section */

/* Begin PBXProject section */
		E302D4122B72D8AF0097B536 /* Project object */ = {
			isa = PBXProject;
			attributes = {
				BuildIndependentTargetsInParallel = 1;
				LastSwiftUpdateCheck = 1430;
				LastUpgradeCheck = 1430;
				TargetAttributes = {
					E302D4192B72D8AF0097B536 = {
						CreatedOnToolsVersion = 14.3.1;
					};
					E302D42F2B72D8B30097B536 = {
						CreatedOnToolsVersion = 14.3.1;
						TestTargetID = E302D4192B72D8AF0097B536;
					};
					E302D4392B72D8B30097B536 = {
						CreatedOnToolsVersion = 14.3.1;
						TestTargetID = E302D4192B72D8AF0097B536;
					};
				};
			};
			buildConfigurationList = E302D4152B72D8AF0097B536 /* Build configuration list for PBXProject "KisilerMVVM" */;
			compatibilityVersion = "Xcode 14.0";
			developmentRegion = en;
			hasScannedForEncodings = 0;
			knownRegions = (
				en,
				Base,
			);
			mainGroup = E302D4112B72D8AF0097B536;
			packageReferences = (
				E302D45C2B72DD320097B536 /* XCRemoteSwiftPackageReference "Alamofire" */,
			);
			productRefGroup = E302D41B2B72D8AF0097B536 /* Products */;
			projectDirPath = "";
			projectRoot = "";
			targets = (
				E302D4192B72D8AF0097B536 /* KisilerMVVM */,
				E302D42F2B72D8B30097B536 /* KisilerMVVMTests */,
				E302D4392B72D8B30097B536 /* KisilerMVVMUITests */,
			);
		};
/* End PBXProject section */

/* Begin PBXResourcesBuildPhase section */
		E302D4182B72D8AF0097B536 /* Resources */ = {
			isa = PBXResourcesBuildPhase;
			buildActionMask = 2147483647;
			files = (
				E302D4702B73F4DA0097B536 /* KisilerDetailStoryBoard.storyboard in Resources */,
				E302D42A2B72D8B30097B536 /* LaunchScreen.storyboard in Resources */,
				E302D4272B72D8B30097B536 /* Assets.xcassets in Resources */,
				E302D4252B72D8AF0097B536 /* Main.storyboard in Resources */,
			);
			runOnlyForDeploymentPostprocessing = 0;
		};
		E302D42E2B72D8B30097B536 /* Resources */ = {
			isa = PBXResourcesBuildPhase;
			buildActionMask = 2147483647;
			files = (
			);
			runOnlyForDeploymentPostprocessing = 0;
		};
		E302D4382B72D8B30097B536 /* Resources */ = {
			isa = PBXResourcesBuildPhase;
			buildActionMask = 2147483647;
			files = (
			);
			runOnlyForDeploymentPostprocessing = 0;
		};
/* End PBXResourcesBuildPhase section */

/* Begin PBXSourcesBuildPhase section */
		E302D4162B72D8AF0097B536 /* Sources */ = {
			isa = PBXSourcesBuildPhase;
			buildActionMask = 2147483647;
			files = (
				E302D46A2B73F15B0097B536 /* KisilerDetailModelView.swift in Sources */,
				E302D46E2B73F1A70097B536 /* KisilerDetail.swift in Sources */,
				E302D4592B72DB920097B536 /* KisilerServiceProtocol.swift in Sources */,
				E302D4572B72DB120097B536 /* KisilerModelViewProtocol.swift in Sources */,
				E302D4222B72D8AF0097B536 /* ViewController.swift in Sources */,
				E302D45B2B72DBD30097B536 /* KisilerService.swift in Sources */,
				E302D4602B72EA790097B536 /* KisiCevap.swift in Sources */,
				E302D41E2B72D8AF0097B536 /* AppDelegate.swift in Sources */,
				E302D4722B74073F0097B536 /* KisilerDetailBuilder.swift in Sources */,
				E302D46C2B73F1770097B536 /* KisilerDetailModelViewProtocol.swift in Sources */,
				E302D4552B72DAF40097B536 /* KisilerModelView.swift in Sources */,
				E302D4642B73F0DE0097B536 /* DetailViewController.swift in Sources */,
				E302D4202B72D8AF0097B536 /* SceneDelegate.swift in Sources */,
				E302D4532B72DA990097B536 /* Kisiler.swift in Sources */,
			);
			runOnlyForDeploymentPostprocessing = 0;
		};
		E302D42C2B72D8B30097B536 /* Sources */ = {
			isa = PBXSourcesBuildPhase;
			buildActionMask = 2147483647;
			files = (
				E302D4352B72D8B30097B536 /* KisilerMVVMTests.swift in Sources */,
			);
			runOnlyForDeploymentPostprocessing = 0;
		};
		E302D4362B72D8B30097B536 /* Sources */ = {
			isa = PBXSourcesBuildPhase;
			buildActionMask = 2147483647;
			files = (
				E302D4412B72D8B30097B536 /* KisilerMVVMUITestsLaunchTests.swift in Sources */,
				E302D43F2B72D8B30097B536 /* KisilerMVVMUITests.swift in Sources */,
			);
			runOnlyForDeploymentPostprocessing = 0;
		};
/* End PBXSourcesBuildPhase section */

/* Begin PBXTargetDependency section */
		E302D4322B72D8B30097B536 /* PBXTargetDependency */ = {
			isa = PBXTargetDependency;
			target = E302D4192B72D8AF0097B536 /* KisilerMVVM */;
			targetProxy = E302D4312B72D8B30097B536 /* PBXContainerItemProxy */;
		};
		E302D43C2B72D8B30097B536 /* PBXTargetDependency */ = {
			isa = PBXTargetDependency;
			target = E302D4192B72D8AF0097B536 /* KisilerMVVM */;
			targetProxy = E302D43B2B72D8B30097B536 /* PBXContainerItemProxy */;
		};
/* End PBXTargetDependency section */

/* Begin PBXVariantGroup section */
		E302D4232B72D8AF0097B536 /* Main.storyboard */ = {
			isa = PBXVariantGroup;
			children = (
				E302D4242B72D8AF0097B536 /* Base */,
			);
			name = Main.storyboard;
			sourceTree = "<group>";
		};
		E302D4282B72D8B30097B536 /* LaunchScreen.storyboard */ = {
			isa = PBXVariantGroup;
			children = (
				E302D4292B72D8B30097B536 /* Base */,
			);
			name = LaunchScreen.storyboard;
			sourceTree = "<group>";
		};
/* End PBXVariantGroup section */

/* Begin XCBuildConfiguration section */
		E302D4422B72D8B30097B536 /* Debug */ = {
			isa = XCBuildConfiguration;
			buildSettings = {
				ALWAYS_SEARCH_USER_PATHS = NO;
				CLANG_ANALYZER_NONNULL = YES;
				CLANG_ANALYZER_NUMBER_OBJECT_CONVERSION = YES_AGGRESSIVE;
				CLANG_CXX_LANGUAGE_STANDARD = "gnu++20";
				CLANG_ENABLE_MODULES = YES;
				CLANG_ENABLE_OBJC_ARC = YES;
				CLANG_ENABLE_OBJC_WEAK = YES;
				CLANG_WARN_BLOCK_CAPTURE_AUTORELEASING = YES;
				CLANG_WARN_BOOL_CONVERSION = YES;
				CLANG_WARN_COMMA = YES;
				CLANG_WARN_CONSTANT_CONVERSION = YES;
				CLANG_WARN_DEPRECATED_OBJC_IMPLEMENTATIONS = YES;
				CLANG_WARN_DIRECT_OBJC_ISA_USAGE = YES_ERROR;
				CLANG_WARN_DOCUMENTATION_COMMENTS = YES;
				CLANG_WARN_EMPTY_BODY = YES;
				CLANG_WARN_ENUM_CONVERSION = YES;
				CLANG_WARN_INFINITE_RECURSION = YES;
				CLANG_WARN_INT_CONVERSION = YES;
				CLANG_WARN_NON_LITERAL_NULL_CONVERSION = YES;
				CLANG_WARN_OBJC_IMPLICIT_RETAIN_SELF = YES;
				CLANG_WARN_OBJC_LITERAL_CONVERSION = YES;
				CLANG_WARN_OBJC_ROOT_CLASS = YES_ERROR;
				CLANG_WARN_QUOTED_INCLUDE_IN_FRAMEWORK_HEADER = YES;
				CLANG_WARN_RANGE_LOOP_ANALYSIS = YES;
				CLANG_WARN_STRICT_PROTOTYPES = YES;
				CLANG_WARN_SUSPICIOUS_MOVE = YES;
				CLANG_WARN_UNGUARDED_AVAILABILITY = YES_AGGRESSIVE;
				CLANG_WARN_UNREACHABLE_CODE = YES;
				CLANG_WARN__DUPLICATE_METHOD_MATCH = YES;
				COPY_PHASE_STRIP = NO;
				DEBUG_INFORMATION_FORMAT = dwarf;
				ENABLE_STRICT_OBJC_MSGSEND = YES;
				ENABLE_TESTABILITY = YES;
				GCC_C_LANGUAGE_STANDARD = gnu11;
				GCC_DYNAMIC_NO_PIC = NO;
				GCC_NO_COMMON_BLOCKS = YES;
				GCC_OPTIMIZATION_LEVEL = 0;
				GCC_PREPROCESSOR_DEFINITIONS = (
					"DEBUG=1",
					"$(inherited)",
				);
				GCC_WARN_64_TO_32_BIT_CONVERSION = YES;
				GCC_WARN_ABOUT_RETURN_TYPE = YES_ERROR;
				GCC_WARN_UNDECLARED_SELECTOR = YES;
				GCC_WARN_UNINITIALIZED_AUTOS = YES_AGGRESSIVE;
				GCC_WARN_UNUSED_FUNCTION = YES;
				GCC_WARN_UNUSED_VARIABLE = YES;
				IPHONEOS_DEPLOYMENT_TARGET = 16.4;
				MTL_ENABLE_DEBUG_INFO = INCLUDE_SOURCE;
				MTL_FAST_MATH = YES;
				ONLY_ACTIVE_ARCH = YES;
				SDKROOT = iphoneos;
				SWIFT_ACTIVE_COMPILATION_CONDITIONS = DEBUG;
				SWIFT_OPTIMIZATION_LEVEL = "-Onone";
			};
			name = Debug;
		};
		E302D4432B72D8B30097B536 /* Release */ = {
			isa = XCBuildConfiguration;
			buildSettings = {
				ALWAYS_SEARCH_USER_PATHS = NO;
				CLANG_ANALYZER_NONNULL = YES;
				CLANG_ANALYZER_NUMBER_OBJECT_CONVERSION = YES_AGGRESSIVE;
				CLANG_CXX_LANGUAGE_STANDARD = "gnu++20";
				CLANG_ENABLE_MODULES = YES;
				CLANG_ENABLE_OBJC_ARC = YES;
				CLANG_ENABLE_OBJC_WEAK = YES;
				CLANG_WARN_BLOCK_CAPTURE_AUTORELEASING = YES;
				CLANG_WARN_BOOL_CONVERSION = YES;
				CLANG_WARN_COMMA = YES;
				CLANG_WARN_CONSTANT_CONVERSION = YES;
				CLANG_WARN_DEPRECATED_OBJC_IMPLEMENTATIONS = YES;
				CLANG_WARN_DIRECT_OBJC_ISA_USAGE = YES_ERROR;
				CLANG_WARN_DOCUMENTATION_COMMENTS = YES;
				CLANG_WARN_EMPTY_BODY = YES;
				CLANG_WARN_ENUM_CONVERSION = YES;
				CLANG_WARN_INFINITE_RECURSION = YES;
				CLANG_WARN_INT_CONVERSION = YES;
				CLANG_WARN_NON_LITERAL_NULL_CONVERSION = YES;
				CLANG_WARN_OBJC_IMPLICIT_RETAIN_SELF = YES;
				CLANG_WARN_OBJC_LITERAL_CONVERSION = YES;
				CLANG_WARN_OBJC_ROOT_CLASS = YES_ERROR;
				CLANG_WARN_QUOTED_INCLUDE_IN_FRAMEWORK_HEADER = YES;
				CLANG_WARN_RANGE_LOOP_ANALYSIS = YES;
				CLANG_WARN_STRICT_PROTOTYPES = YES;
				CLANG_WARN_SUSPICIOUS_MOVE = YES;
				CLANG_WARN_UNGUARDED_AVAILABILITY = YES_AGGRESSIVE;
				CLANG_WARN_UNREACHABLE_CODE = YES;
				CLANG_WARN__DUPLICATE_METHOD_MATCH = YES;
				COPY_PHASE_STRIP = NO;
				DEBUG_INFORMATION_FORMAT = "dwarf-with-dsym";
				ENABLE_NS_ASSERTIONS = NO;
				ENABLE_STRICT_OBJC_MSGSEND = YES;
				GCC_C_LANGUAGE_STANDARD = gnu11;
				GCC_NO_COMMON_BLOCKS = YES;
				GCC_WARN_64_TO_32_BIT_CONVERSION = YES;
				GCC_WARN_ABOUT_RETURN_TYPE = YES_ERROR;
				GCC_WARN_UNDECLARED_SELECTOR = YES;
				GCC_WARN_UNINITIALIZED_AUTOS = YES_AGGRESSIVE;
				GCC_WARN_UNUSED_FUNCTION = YES;
				GCC_WARN_UNUSED_VARIABLE = YES;
				IPHONEOS_DEPLOYMENT_TARGET = 16.4;
				MTL_ENABLE_DEBUG_INFO = NO;
				MTL_FAST_MATH = YES;
				SDKROOT = iphoneos;
				SWIFT_COMPILATION_MODE = wholemodule;
				SWIFT_OPTIMIZATION_LEVEL = "-O";
				VALIDATE_PRODUCT = YES;
			};
			name = Release;
		};
		E302D4452B72D8B30097B536 /* Debug */ = {
			isa = XCBuildConfiguration;
			buildSettings = {
				ASSETCATALOG_COMPILER_APPICON_NAME = AppIcon;
				ASSETCATALOG_COMPILER_GLOBAL_ACCENT_COLOR_NAME = AccentColor;
				CODE_SIGN_STYLE = Automatic;
				CURRENT_PROJECT_VERSION = 1;
				DEVELOPMENT_TEAM = DHTCPVB8K4;
				GENERATE_INFOPLIST_FILE = YES;
				INFOPLIST_FILE = KisilerMVVM/Info.plist;
				INFOPLIST_KEY_UIApplicationSupportsIndirectInputEvents = YES;
				INFOPLIST_KEY_UILaunchStoryboardName = LaunchScreen;
				INFOPLIST_KEY_UIMainStoryboardFile = Main;
				INFOPLIST_KEY_UISupportedInterfaceOrientations_iPad = "UIInterfaceOrientationPortrait UIInterfaceOrientationPortraitUpsideDown UIInterfaceOrientationLandscapeLeft UIInterfaceOrientationLandscapeRight";
				INFOPLIST_KEY_UISupportedInterfaceOrientations_iPhone = "UIInterfaceOrientationPortrait UIInterfaceOrientationLandscapeLeft UIInterfaceOrientationLandscapeRight";
				LD_RUNPATH_SEARCH_PATHS = (
					"$(inherited)",
					"@executable_path/Frameworks",
				);
				MARKETING_VERSION = 1.0;
				PRODUCT_BUNDLE_IDENTIFIER = com.ahmetkaramanoglu.KisilerMVVM;
				PRODUCT_NAME = "$(TARGET_NAME)";
				SWIFT_EMIT_LOC_STRINGS = YES;
				SWIFT_VERSION = 5.0;
				TARGETED_DEVICE_FAMILY = "1,2";
			};
			name = Debug;
		};
		E302D4462B72D8B30097B536 /* Release */ = {
			isa = XCBuildConfiguration;
			buildSettings = {
				ASSETCATALOG_COMPILER_APPICON_NAME = AppIcon;
				ASSETCATALOG_COMPILER_GLOBAL_ACCENT_COLOR_NAME = AccentColor;
				CODE_SIGN_STYLE = Automatic;
				CURRENT_PROJECT_VERSION = 1;
				DEVELOPMENT_TEAM = DHTCPVB8K4;
				GENERATE_INFOPLIST_FILE = YES;
				INFOPLIST_FILE = KisilerMVVM/Info.plist;
				INFOPLIST_KEY_UIApplicationSupportsIndirectInputEvents = YES;
				INFOPLIST_KEY_UILaunchStoryboardName = LaunchScreen;
				INFOPLIST_KEY_UIMainStoryboardFile = Main;
				INFOPLIST_KEY_UISupportedInterfaceOrientations_iPad = "UIInterfaceOrientationPortrait UIInterfaceOrientationPortraitUpsideDown UIInterfaceOrientationLandscapeLeft UIInterfaceOrientationLandscapeRight";
				INFOPLIST_KEY_UISupportedInterfaceOrientations_iPhone = "UIInterfaceOrientationPortrait UIInterfaceOrientationLandscapeLeft UIInterfaceOrientationLandscapeRight";
				LD_RUNPATH_SEARCH_PATHS = (
					"$(inherited)",
					"@executable_path/Frameworks",
				);
				MARKETING_VERSION = 1.0;
				PRODUCT_BUNDLE_IDENTIFIER = com.ahmetkaramanoglu.KisilerMVVM;
				PRODUCT_NAME = "$(TARGET_NAME)";
				SWIFT_EMIT_LOC_STRINGS = YES;
				SWIFT_VERSION = 5.0;
				TARGETED_DEVICE_FAMILY = "1,2";
			};
			name = Release;
		};
		E302D4482B72D8B30097B536 /* Debug */ = {
			isa = XCBuildConfiguration;
			buildSettings = {
				ALWAYS_EMBED_SWIFT_STANDARD_LIBRARIES = YES;
				BUNDLE_LOADER = "$(TEST_HOST)";
				CODE_SIGN_STYLE = Automatic;
				CURRENT_PROJECT_VERSION = 1;
				DEVELOPMENT_TEAM = DHTCPVB8K4;
				GENERATE_INFOPLIST_FILE = YES;
				IPHONEOS_DEPLOYMENT_TARGET = 16.4;
				MARKETING_VERSION = 1.0;
				PRODUCT_BUNDLE_IDENTIFIER = com.ahmetkaramanoglu.KisilerMVVMTests;
				PRODUCT_NAME = "$(TARGET_NAME)";
				SWIFT_EMIT_LOC_STRINGS = NO;
				SWIFT_VERSION = 5.0;
				TARGETED_DEVICE_FAMILY = "1,2";
				TEST_HOST = "$(BUILT_PRODUCTS_DIR)/KisilerMVVM.app/$(BUNDLE_EXECUTABLE_FOLDER_PATH)/KisilerMVVM";
			};
			name = Debug;
		};
		E302D4492B72D8B30097B536 /* Release */ = {
			isa = XCBuildConfiguration;
			buildSettings = {
				ALWAYS_EMBED_SWIFT_STANDARD_LIBRARIES = YES;
				BUNDLE_LOADER = "$(TEST_HOST)";
				CODE_SIGN_STYLE = Automatic;
				CURRENT_PROJECT_VERSION = 1;
				DEVELOPMENT_TEAM = DHTCPVB8K4;
				GENERATE_INFOPLIST_FILE = YES;
				IPHONEOS_DEPLOYMENT_TARGET = 16.4;
				MARKETING_VERSION = 1.0;
				PRODUCT_BUNDLE_IDENTIFIER = com.ahmetkaramanoglu.KisilerMVVMTests;
				PRODUCT_NAME = "$(TARGET_NAME)";
				SWIFT_EMIT_LOC_STRINGS = NO;
				SWIFT_VERSION = 5.0;
				TARGETED_DEVICE_FAMILY = "1,2";
				TEST_HOST = "$(BUILT_PRODUCTS_DIR)/KisilerMVVM.app/$(BUNDLE_EXECUTABLE_FOLDER_PATH)/KisilerMVVM";
			};
			name = Release;
		};
		E302D44B2B72D8B30097B536 /* Debug */ = {
			isa = XCBuildConfiguration;
			buildSettings = {
				ALWAYS_EMBED_SWIFT_STANDARD_LIBRARIES = YES;
				CODE_SIGN_STYLE = Automatic;
				CURRENT_PROJECT_VERSION = 1;
				DEVELOPMENT_TEAM = DHTCPVB8K4;
				GENERATE_INFOPLIST_FILE = YES;
				MARKETING_VERSION = 1.0;
				PRODUCT_BUNDLE_IDENTIFIER = com.ahmetkaramanoglu.KisilerMVVMUITests;
				PRODUCT_NAME = "$(TARGET_NAME)";
				SWIFT_EMIT_LOC_STRINGS = NO;
				SWIFT_VERSION = 5.0;
				TARGETED_DEVICE_FAMILY = "1,2";
				TEST_TARGET_NAME = KisilerMVVM;
			};
			name = Debug;
		};
		E302D44C2B72D8B30097B536 /* Release */ = {
			isa = XCBuildConfiguration;
			buildSettings = {
				ALWAYS_EMBED_SWIFT_STANDARD_LIBRARIES = YES;
				CODE_SIGN_STYLE = Automatic;
				CURRENT_PROJECT_VERSION = 1;
				DEVELOPMENT_TEAM = DHTCPVB8K4;
				GENERATE_INFOPLIST_FILE = YES;
				MARKETING_VERSION = 1.0;
				PRODUCT_BUNDLE_IDENTIFIER = com.ahmetkaramanoglu.KisilerMVVMUITests;
				PRODUCT_NAME = "$(TARGET_NAME)";
				SWIFT_EMIT_LOC_STRINGS = NO;
				SWIFT_VERSION = 5.0;
				TARGETED_DEVICE_FAMILY = "1,2";
				TEST_TARGET_NAME = KisilerMVVM;
			};
			name = Release;
		};
/* End XCBuildConfiguration section */

/* Begin XCConfigurationList section */
		E302D4152B72D8AF0097B536 /* Build configuration list for PBXProject "KisilerMVVM" */ = {
			isa = XCConfigurationList;
			buildConfigurations = (
				E302D4422B72D8B30097B536 /* Debug */,
				E302D4432B72D8B30097B536 /* Release */,
			);
			defaultConfigurationIsVisible = 0;
			defaultConfigurationName = Release;
		};
		E302D4442B72D8B30097B536 /* Build configuration list for PBXNativeTarget "KisilerMVVM" */ = {
			isa = XCConfigurationList;
			buildConfigurations = (
				E302D4452B72D8B30097B536 /* Debug */,
				E302D4462B72D8B30097B536 /* Release */,
			);
			defaultConfigurationIsVisible = 0;
			defaultConfigurationName = Release;
		};
		E302D4472B72D8B30097B536 /* Build configuration list for PBXNativeTarget "KisilerMVVMTests" */ = {
			isa = XCConfigurationList;
			buildConfigurations = (
				E302D4482B72D8B30097B536 /* Debug */,
				E302D4492B72D8B30097B536 /* Release */,
			);
			defaultConfigurationIsVisible = 0;
			defaultConfigurationName = Release;
		};
		E302D44A2B72D8B30097B536 /* Build configuration list for PBXNativeTarget "KisilerMVVMUITests" */ = {
			isa = XCConfigurationList;
			buildConfigurations = (
				E302D44B2B72D8B30097B536 /* Debug */,
				E302D44C2B72D8B30097B536 /* Release */,
			);
			defaultConfigurationIsVisible = 0;
			defaultConfigurationName = Release;
		};
/* End XCConfigurationList section */

/* Begin XCRemoteSwiftPackageReference section */
		E302D45C2B72DD320097B536 /* XCRemoteSwiftPackageReference "Alamofire" */ = {
			isa = XCRemoteSwiftPackageReference;
			repositoryURL = "https://github.com/Alamofire/Alamofire.git";
			requirement = {
				kind = upToNextMajorVersion;
				minimumVersion = 5.0.0;
			};
		};
/* End XCRemoteSwiftPackageReference section */

/* Begin XCSwiftPackageProductDependency section */
		E302D45D2B72DD320097B536 /* Alamofire */ = {
			isa = XCSwiftPackageProductDependency;
			package = E302D45C2B72DD320097B536 /* XCRemoteSwiftPackageReference "Alamofire" */;
			productName = Alamofire;
		};
/* End XCSwiftPackageProductDependency section */
	};
	rootObject = E302D4122B72D8AF0097B536 /* Project object */;
}
